
Microsoft Visual Studio Solution File, Format Version 12.00
# Visual Studio Version 17
VisualStudioVersion = 17.10.35013.160
MinimumVisualStudioVersion = 10.0.40219.1
Project("{54A90642-561A-4BB1-A94E-469ADEE60C69}") = "integration", "Integration\integration.esproj", "{A50B2605-8E42-4FF4-9CBA-2DEA9F030F7A}"
EndProject
Global
	GlobalSection(SolutionConfigurationPlatforms) = preSolution
		Debug|Any CPU = Debug|Any CPU
		Release|Any CPU = Release|Any CPU
	EndGlobalSection
	GlobalSection(ProjectConfigurationPlatforms) = postSolution
		{A50B2605-8E42-4FF4-9CBA-2DEA9F030F7A}.Debug|Any CPU.ActiveCfg = Debug|Any CPU
		{A50B2605-8E42-4FF4-9CBA-2DEA9F030F7A}.Debug|Any CPU.Build.0 = Debug|Any CPU
		{A50B2605-8E42-4FF4-9CBA-2DEA9F030F7A}.Debug|Any CPU.Deploy.0 = Debug|Any CPU
		{A50B2605-8E42-4FF4-9CBA-2DEA9F030F7A}.Release|Any CPU.ActiveCfg = Release|Any CPU
		{A50B2605-8E42-4FF4-9CBA-2DEA9F030F7A}.Release|Any CPU.Build.0 = Release|Any CPU
		{A50B2605-8E42-4FF4-9CBA-2DEA9F030F7A}.Release|Any CPU.Deploy.0 = Release|Any CPU
	EndGlobalSection
	GlobalSection(SolutionProperties) = preSolution
		HideSolutionNode = FALSE
	EndGlobalSection
	GlobalSection(ExtensibilityGlobals) = postSolution
		SolutionGuid = {B6E538B2-1F58-490C-AFE0-475321BCF876}
	EndGlobalSection
EndGlobal
